
Microsoft Visual Studio Solution File, Format Version 12.00
# Visual Studio Version 16
VisualStudioVersion = 16.0.29306.81
MinimumVisualStudioVersion = 10.0.40219.1
Project("{FAE04EC0-301F-11D3-BF4B-00C04F79EFBC}") = "SampleAssignment", "SampleAssignment.csproj", "{F55F5259-D180-4629-97A9-229A1BDE5558}"
EndProject
Global
	GlobalSection(SolutionConfigurationPlatforms) = preSolution
		Debug|Any CPU = Debug|Any CPU
		Release|Any CPU = Release|Any CPU
	EndGlobalSection
	GlobalSection(ProjectConfigurationPlatforms) = postSolution
		{F55F5259-D180-4629-97A9-229A1BDE5558}.Debug|Any CPU.ActiveCfg = Debug|Any CPU
		{F55F5259-D180-4629-97A9-229A1BDE5558}.Debug|Any CPU.Build.0 = Debug|Any CPU
		{F55F5259-D180-4629-97A9-229A1BDE5558}.Release|Any CPU.ActiveCfg = Release|Any CPU
		{F55F5259-D180-4629-97A9-229A1BDE5558}.Release|Any CPU.Build.0 = Release|Any CPU
	EndGlobalSection
	GlobalSection(SolutionProperties) = preSolution
		HideSolutionNode = FALSE
	EndGlobalSection
	GlobalSection(ExtensibilityGlobals) = postSolution
		SolutionGuid = {CDBA93C6-EC22-4A68-A21A-1209A4D25E4E}
	EndGlobalSection
EndGlobal
